// !$*UTF8*$!
{
	archiveVersion = 1;
	classes = {
	};
	objectVersion = 50;
	objects = {

/* Begin PBXBuildFile section */
		CE6C5A8F214B49D00051B47D /* AppDelegate.m in Sources */ = {isa = PBXBuildFile; fileRef = CE6C5A8E214B49D00051B47D /* AppDelegate.m */; };
		CE6C5A92214B49D00051B47D /* ViewController.m in Sources */ = {isa = PBXBuildFile; fileRef = CE6C5A91214B49D00051B47D /* ViewController.m */; };
		CE6C5A95214B49D00051B47D /* Main.storyboard in Resources */ = {isa = PBXBuildFile; fileRef = CE6C5A93214B49D00051B47D /* Main.storyboard */; };
		CE6C5A97214B49D10051B47D /* Assets.xcassets in Resources */ = {isa = PBXBuildFile; fileRef = CE6C5A96214B49D10051B47D /* Assets.xcassets */; };
		CE6C5A9A214B49D10051B47D /* LaunchScreen.storyboard in Resources */ = {isa = PBXBuildFile; fileRef = CE6C5A98214B49D10051B47D /* LaunchScreen.storyboard */; };
		CE6C5A9D214B49D10051B47D /* main.m in Sources */ = {isa = PBXBuildFile; fileRef = CE6C5A9C214B49D10051B47D /* main.m */; };
		CE6C5AA7214B49D20051B47D /* BeautyPicturesTests.m in Sources */ = {isa = PBXBuildFile; fileRef = CE6C5AA6214B49D20051B47D /* BeautyPicturesTests.m */; };
		CE6C5AB2214B49D20051B47D /* BeautyPicturesUITests.m in Sources */ = {isa = PBXBuildFile; fileRef = CE6C5AB1214B49D20051B47D /* BeautyPicturesUITests.m */; };
		CEFF927B214B4CC100233437 /* MBNavigationController.m in Sources */ = {isa = PBXBuildFile; fileRef = CEFF927A214B4CC100233437 /* MBNavigationController.m */; };
		CEFF927F214B4D8000233437 /* UIColor+MB.m in Sources */ = {isa = PBXBuildFile; fileRef = CEFF927E214B4D8000233437 /* UIColor+MB.m */; };
		CEFF9282214B4DF400233437 /* UIView+MBExpandFram.m in Sources */ = {isa = PBXBuildFile; fileRef = CEFF9281214B4DF400233437 /* UIView+MBExpandFram.m */; };
		CEFF9287214B4F8800233437 /* MBTabBarController.m in Sources */ = {isa = PBXBuildFile; fileRef = CEFF9286214B4F8800233437 /* MBTabBarController.m */; };
		CEFF9290214B504F00233437 /* MediaVc.m in Sources */ = {isa = PBXBuildFile; fileRef = CEFF928F214B504F00233437 /* MediaVc.m */; };
/* End PBXBuildFile section */

/* Begin PBXContainerItemProxy section */
		CE6C5AA3214B49D20051B47D /* PBXContainerItemProxy */ = {
			isa = PBXContainerItemProxy;
			containerPortal = CE6C5A82214B49D00051B47D /* Project object */;
			proxyType = 1;
			remoteGlobalIDString = CE6C5A89214B49D00051B47D;
			remoteInfo = BeautyPictures;
		};
		CE6C5AAE214B49D20051B47D /* PBXContainerItemProxy */ = {
			isa = PBXContainerItemProxy;
			containerPortal = CE6C5A82214B49D00051B47D /* Project object */;
			proxyType = 1;
			remoteGlobalIDString = CE6C5A89214B49D00051B47D;
			remoteInfo = BeautyPictures;
		};
/* End PBXContainerItemProxy section */

/* Begin PBXFileReference section */
		CE6C5A8A214B49D00051B47D /* BeautyPictures.app */ = {isa = PBXFileReference; explicitFileType = wrapper.application; includeInIndex = 0; path = BeautyPictures.app; sourceTree = BUILT_PRODUCTS_DIR; };
		CE6C5A8D214B49D00051B47D /* AppDelegate.h */ = {isa = PBXFileReference; lastKnownFileType = sourcecode.c.h; path = AppDelegate.h; sourceTree = "<group>"; };
		CE6C5A8E214B49D00051B47D /* AppDelegate.m */ = {isa = PBXFileReference; lastKnownFileType = sourcecode.c.objc; path = AppDelegate.m; sourceTree = "<group>"; };
		CE6C5A90214B49D00051B47D /* ViewController.h */ = {isa = PBXFileReference; lastKnownFileType = sourcecode.c.h; path = ViewController.h; sourceTree = "<group>"; };
		CE6C5A91214B49D00051B47D /* ViewController.m */ = {isa = PBXFileReference; lastKnownFileType = sourcecode.c.objc; path = ViewController.m; sourceTree = "<group>"; };
		CE6C5A94214B49D00051B47D /* Base */ = {isa = PBXFileReference; lastKnownFileType = file.storyboard; name = Base; path = Base.lproj/Main.storyboard; sourceTree = "<group>"; };
		CE6C5A96214B49D10051B47D /* Assets.xcassets */ = {isa = PBXFileReference; lastKnownFileType = folder.assetcatalog; path = Assets.xcassets; sourceTree = "<group>"; };
		CE6C5A99214B49D10051B47D /* Base */ = {isa = PBXFileReference; lastKnownFileType = file.storyboard; name = Base; path = Base.lproj/LaunchScreen.storyboard; sourceTree = "<group>"; };
		CE6C5A9B214B49D10051B47D /* Info.plist */ = {isa = PBXFileReference; lastKnownFileType = text.plist.xml; path = Info.plist; sourceTree = "<group>"; };
		CE6C5A9C214B49D10051B47D /* main.m */ = {isa = PBXFileReference; lastKnownFileType = sourcecode.c.objc; path = main.m; sourceTree = "<group>"; };
		CE6C5AA2214B49D20051B47D /* BeautyPicturesTests.xctest */ = {isa = PBXFileReference; explicitFileType = wrapper.cfbundle; includeInIndex = 0; path = BeautyPicturesTests.xctest; sourceTree = BUILT_PRODUCTS_DIR; };
		CE6C5AA6214B49D20051B47D /* BeautyPicturesTests.m */ = {isa = PBXFileReference; lastKnownFileType = sourcecode.c.objc; path = BeautyPicturesTests.m; sourceTree = "<group>"; };
		CE6C5AA8214B49D20051B47D /* Info.plist */ = {isa = PBXFileReference; lastKnownFileType = text.plist.xml; path = Info.plist; sourceTree = "<group>"; };
		CE6C5AAD214B49D20051B47D /* BeautyPicturesUITests.xctest */ = {isa = PBXFileReference; explicitFileType = wrapper.cfbundle; includeInIndex = 0; path = BeautyPicturesUITests.xctest; sourceTree = BUILT_PRODUCTS_DIR; };
		CE6C5AB1214B49D20051B47D /* BeautyPicturesUITests.m */ = {isa = PBXFileReference; lastKnownFileType = sourcecode.c.objc; path = BeautyPicturesUITests.m; sourceTree = "<group>"; };
		CE6C5AB3214B49D20051B47D /* Info.plist */ = {isa = PBXFileReference; lastKnownFileType = text.plist.xml; path = Info.plist; sourceTree = "<group>"; };
		CEFF9279214B4CC100233437 /* MBNavigationController.h */ = {isa = PBXFileReference; lastKnownFileType = sourcecode.c.h; path = MBNavigationController.h; sourceTree = "<group>"; };
		CEFF927A214B4CC100233437 /* MBNavigationController.m */ = {isa = PBXFileReference; lastKnownFileType = sourcecode.c.objc; path = MBNavigationController.m; sourceTree = "<group>"; };
		CEFF927D214B4D8000233437 /* UIColor+MB.h */ = {isa = PBXFileReference; lastKnownFileType = sourcecode.c.h; path = "UIColor+MB.h"; sourceTree = "<group>"; };
		CEFF927E214B4D8000233437 /* UIColor+MB.m */ = {isa = PBXFileReference; lastKnownFileType = sourcecode.c.objc; path = "UIColor+MB.m"; sourceTree = "<group>"; };
		CEFF9280214B4DF400233437 /* UIView+MBExpandFram.h */ = {isa = PBXFileReference; fileEncoding = 4; lastKnownFileType = sourcecode.c.h; path = "UIView+MBExpandFram.h"; sourceTree = "<group>"; };
		CEFF9281214B4DF400233437 /* UIView+MBExpandFram.m */ = {isa = PBXFileReference; fileEncoding = 4; lastKnownFileType = sourcecode.c.objc; path = "UIView+MBExpandFram.m"; sourceTree = "<group>"; };
		CEFF9284214B4E3200233437 /* BeautyPictures.pch */ = {isa = PBXFileReference; lastKnownFileType = sourcecode.c.h; path = BeautyPictures.pch; sourceTree = "<group>"; };
		CEFF9285214B4F8800233437 /* MBTabBarController.h */ = {isa = PBXFileReference; lastKnownFileType = sourcecode.c.h; path = MBTabBarController.h; sourceTree = "<group>"; };
		CEFF9286214B4F8800233437 /* MBTabBarController.m */ = {isa = PBXFileReference; lastKnownFileType = sourcecode.c.objc; path = MBTabBarController.m; sourceTree = "<group>"; };
		CEFF928E214B504F00233437 /* MediaVc.h */ = {isa = PBXFileReference; lastKnownFileType = sourcecode.c.h; path = MediaVc.h; sourceTree = "<group>"; };
		CEFF928F214B504F00233437 /* MediaVc.m */ = {isa = PBXFileReference; lastKnownFileType = sourcecode.c.objc; path = MediaVc.m; sourceTree = "<group>"; };
/* End PBXFileReference section */

/* Begin PBXFrameworksBuildPhase section */
		CE6C5A87214B49D00051B47D /* Frameworks */ = {
			isa = PBXFrameworksBuildPhase;
			buildActionMask = 2147483647;
			files = (
			);
			runOnlyForDeploymentPostprocessing = 0;
		};
		CE6C5A9F214B49D20051B47D /* Frameworks */ = {
			isa = PBXFrameworksBuildPhase;
			buildActionMask = 2147483647;
			files = (
			);
			runOnlyForDeploymentPostprocessing = 0;
		};
		CE6C5AAA214B49D20051B47D /* Frameworks */ = {
			isa = PBXFrameworksBuildPhase;
			buildActionMask = 2147483647;
			files = (
			);
			runOnlyForDeploymentPostprocessing = 0;
		};
/* End PBXFrameworksBuildPhase section */

/* Begin PBXGroup section */
		CE6C5A81214B49D00051B47D = {
			isa = PBXGroup;
			children = (
				CE6C5A8C214B49D00051B47D /* BeautyPictures */,
				CE6C5AA5214B49D20051B47D /* BeautyPicturesTests */,
				CE6C5AB0214B49D20051B47D /* BeautyPicturesUITests */,
				CE6C5A8B214B49D00051B47D /* Products */,
			);
			sourceTree = "<group>";
		};
		CE6C5A8B214B49D00051B47D /* Products */ = {
			isa = PBXGroup;
			children = (
				CE6C5A8A214B49D00051B47D /* BeautyPictures.app */,
				CE6C5AA2214B49D20051B47D /* BeautyPicturesTests.xctest */,
				CE6C5AAD214B49D20051B47D /* BeautyPicturesUITests.xctest */,
			);
			name = Products;
			sourceTree = "<group>";
		};
		CE6C5A8C214B49D00051B47D /* BeautyPictures */ = {
			isa = PBXGroup;
			children = (
				CEFF9288214B4FB800233437 /* Class */,
				CEFF9283214B4E1400233437 /* Config */,
				CEFF927C214B4CDF00233437 /* Extensions */,
				CEFF9278214B4B8600233437 /* Other */,
				CE6C5ABF214B4AF80051B47D /* Main */,
				CE6C5A9B214B49D10051B47D /* Info.plist */,
				CE6C5A9C214B49D10051B47D /* main.m */,
			);
			path = BeautyPictures;
			sourceTree = "<group>";
		};
		CE6C5AA5214B49D20051B47D /* BeautyPicturesTests */ = {
			isa = PBXGroup;
			children = (
				CE6C5AA6214B49D20051B47D /* BeautyPicturesTests.m */,
				CE6C5AA8214B49D20051B47D /* Info.plist */,
			);
			path = BeautyPicturesTests;
			sourceTree = "<group>";
		};
		CE6C5AB0214B49D20051B47D /* BeautyPicturesUITests */ = {
			isa = PBXGroup;
			children = (
				CE6C5AB1214B49D20051B47D /* BeautyPicturesUITests.m */,
				CE6C5AB3214B49D20051B47D /* Info.plist */,
			);
			path = BeautyPicturesUITests;
			sourceTree = "<group>";
		};
		CE6C5ABF214B4AF80051B47D /* Main */ = {
			isa = PBXGroup;
			children = (
				CEFF9279214B4CC100233437 /* MBNavigationController.h */,
				CEFF927A214B4CC100233437 /* MBNavigationController.m */,
				CEFF9285214B4F8800233437 /* MBTabBarController.h */,
				CEFF9286214B4F8800233437 /* MBTabBarController.m */,
			);
			path = Main;
			sourceTree = "<group>";
		};
		CEFF9278214B4B8600233437 /* Other */ = {
			isa = PBXGroup;
			children = (
				CE6C5A8D214B49D00051B47D /* AppDelegate.h */,
				CE6C5A8E214B49D00051B47D /* AppDelegate.m */,
				CE6C5A90214B49D00051B47D /* ViewController.h */,
				CE6C5A91214B49D00051B47D /* ViewController.m */,
				CE6C5A93214B49D00051B47D /* Main.storyboard */,
				CE6C5A96214B49D10051B47D /* Assets.xcassets */,
				CE6C5A98214B49D10051B47D /* LaunchScreen.storyboard */,
			);
			path = Other;
			sourceTree = "<group>";
		};
		CEFF927C214B4CDF00233437 /* Extensions */ = {
			isa = PBXGroup;
			children = (
				CEFF9280214B4DF400233437 /* UIView+MBExpandFram.h */,
				CEFF9281214B4DF400233437 /* UIView+MBExpandFram.m */,
				CEFF927D214B4D8000233437 /* UIColor+MB.h */,
				CEFF927E214B4D8000233437 /* UIColor+MB.m */,
			);
			path = Extensions;
			sourceTree = "<group>";
		};
		CEFF9283214B4E1400233437 /* Config */ = {
			isa = PBXGroup;
			children = (
				CEFF9284214B4E3200233437 /* BeautyPictures.pch */,
			);
			path = Config;
			sourceTree = "<group>";
		};
		CEFF9288214B4FB800233437 /* Class */ = {
			isa = PBXGroup;
			children = (
				CEFF928D214B500400233437 /* Media */,
			);
			path = Class;
			sourceTree = "<group>";
		};
		CEFF928D214B500400233437 /* Media */ = {
			isa = PBXGroup;
			children = (
				CEFF928E214B504F00233437 /* MediaVc.h */,
				CEFF928F214B504F00233437 /* MediaVc.m */,
			);
			path = Media;
			sourceTree = "<group>";
		};
/* End PBXGroup section */

/* Begin PBXNativeTarget section */
		CE6C5A89214B49D00051B47D /* BeautyPictures */ = {
			isa = PBXNativeTarget;
			buildConfigurationList = CE6C5AB6214B49D20051B47D /* Build configuration list for PBXNativeTarget "BeautyPictures" */;
			buildPhases = (
				CE6C5A86214B49D00051B47D /* Sources */,
				CE6C5A87214B49D00051B47D /* Frameworks */,
				CE6C5A88214B49D00051B47D /* Resources */,
			);
			buildRules = (
			);
			dependencies = (
			);
			name = BeautyPictures;
			productName = BeautyPictures;
			productReference = CE6C5A8A214B49D00051B47D /* BeautyPictures.app */;
			productType = "com.apple.product-type.application";
		};
		CE6C5AA1214B49D20051B47D /* BeautyPicturesTests */ = {
			isa = PBXNativeTarget;
			buildConfigurationList = CE6C5AB9214B49D20051B47D /* Build configuration list for PBXNativeTarget "BeautyPicturesTests" */;
			buildPhases = (
				CE6C5A9E214B49D20051B47D /* Sources */,
				CE6C5A9F214B49D20051B47D /* Frameworks */,
				CE6C5AA0214B49D20051B47D /* Resources */,
			);
			buildRules = (
			);
			dependencies = (
				CE6C5AA4214B49D20051B47D /* PBXTargetDependency */,
			);
			name = BeautyPicturesTests;
			productName = BeautyPicturesTests;
			productReference = CE6C5AA2214B49D20051B47D /* BeautyPicturesTests.xctest */;
			productType = "com.apple.product-type.bundle.unit-test";
		};
		CE6C5AAC214B49D20051B47D /* BeautyPicturesUITests */ = {
			isa = PBXNativeTarget;
			buildConfigurationList = CE6C5ABC214B49D20051B47D /* Build configuration list for PBXNativeTarget "BeautyPicturesUITests" */;
			buildPhases = (
				CE6C5AA9214B49D20051B47D /* Sources */,
				CE6C5AAA214B49D20051B47D /* Frameworks */,
				CE6C5AAB214B49D20051B47D /* Resources */,
			);
			buildRules = (
			);
			dependencies = (
				CE6C5AAF214B49D20051B47D /* PBXTargetDependency */,
			);
			name = BeautyPicturesUITests;
			productName = BeautyPicturesUITests;
			productReference = CE6C5AAD214B49D20051B47D /* BeautyPicturesUITests.xctest */;
			productType = "com.apple.product-type.bundle.ui-testing";
		};
/* End PBXNativeTarget section */

/* Begin PBXProject section */
		CE6C5A82214B49D00051B47D /* Project object */ = {
			isa = PBXProject;
			attributes = {
				LastUpgradeCheck = 0940;
				ORGANIZATIONNAME = MB;
				TargetAttributes = {
					CE6C5A89214B49D00051B47D = {
						CreatedOnToolsVersion = 9.4.1;
					};
					CE6C5AA1214B49D20051B47D = {
						CreatedOnToolsVersion = 9.4.1;
						TestTargetID = CE6C5A89214B49D00051B47D;
					};
					CE6C5AAC214B49D20051B47D = {
						CreatedOnToolsVersion = 9.4.1;
						TestTargetID = CE6C5A89214B49D00051B47D;
					};
				};
			};
			buildConfigurationList = CE6C5A85214B49D00051B47D /* Build configuration list for PBXProject "BeautyPictures" */;
			compatibilityVersion = "Xcode 9.3";
			developmentRegion = en;
			hasScannedForEncodings = 0;
			knownRegions = (
				en,
				Base,
			);
			mainGroup = CE6C5A81214B49D00051B47D;
			productRefGroup = CE6C5A8B214B49D00051B47D /* Products */;
			projectDirPath = "";
			projectRoot = "";
			targets = (
				CE6C5A89214B49D00051B47D /* BeautyPictures */,
				CE6C5AA1214B49D20051B47D /* BeautyPicturesTests */,
				CE6C5AAC214B49D20051B47D /* BeautyPicturesUITests */,
			);
		};
/* End PBXProject section */

/* Begin PBXResourcesBuildPhase section */
		CE6C5A88214B49D00051B47D /* Resources */ = {
			isa = PBXResourcesBuildPhase;
			buildActionMask = 2147483647;
			files = (
				CE6C5A9A214B49D10051B47D /* LaunchScreen.storyboard in Resources */,
				CE6C5A97214B49D10051B47D /* Assets.xcassets in Resources */,
				CE6C5A95214B49D00051B47D /* Main.storyboard in Resources */,
			);
			runOnlyForDeploymentPostprocessing = 0;
		};
		CE6C5AA0214B49D20051B47D /* Resources */ = {
			isa = PBXResourcesBuildPhase;
			buildActionMask = 2147483647;
			files = (
			);
			runOnlyForDeploymentPostprocessing = 0;
		};
		CE6C5AAB214B49D20051B47D /* Resources */ = {
			isa = PBXResourcesBuildPhase;
			buildActionMask = 2147483647;
			files = (
			);
			runOnlyForDeploymentPostprocessing = 0;
		};
/* End PBXResourcesBuildPhase section */

/* Begin PBXSourcesBuildPhase section */
		CE6C5A86214B49D00051B47D /* Sources */ = {
			isa = PBXSourcesBuildPhase;
			buildActionMask = 2147483647;
			files = (
				CE6C5A92214B49D00051B47D /* ViewController.m in Sources */,
				CE6C5A9D214B49D10051B47D /* main.m in Sources */,
				CEFF927F214B4D8000233437 /* UIColor+MB.m in Sources */,
				CEFF927B214B4CC100233437 /* MBNavigationController.m in Sources */,
				CE6C5A8F214B49D00051B47D /* AppDelegate.m in Sources */,
				CEFF9290214B504F00233437 /* MediaVc.m in Sources */,
				CEFF9287214B4F8800233437 /* MBTabBarController.m in Sources */,
				CEFF9282214B4DF400233437 /* UIView+MBExpandFram.m in Sources */,
			);
			runOnlyForDeploymentPostprocessing = 0;
		};
		CE6C5A9E214B49D20051B47D /* Sources */ = {
			isa = PBXSourcesBuildPhase;
			buildActionMask = 2147483647;
			files = (
				CE6C5AA7214B49D20051B47D /* BeautyPicturesTests.m in Sources */,
			);
			runOnlyForDeploymentPostprocessing = 0;
		};
		CE6C5AA9214B49D20051B47D /* Sources */ = {
			isa = PBXSourcesBuildPhase;
			buildActionMask = 2147483647;
			files = (
				CE6C5AB2214B49D20051B47D /* BeautyPicturesUITests.m in Sources */,
			);
			runOnlyForDeploymentPostprocessing = 0;
		};
/* End PBXSourcesBuildPhase section */

/* Begin PBXTargetDependency section */
		CE6C5AA4214B49D20051B47D /* PBXTargetDependency */ = {
			isa = PBXTargetDependency;
			target = CE6C5A89214B49D00051B47D /* BeautyPictures */;
			targetProxy = CE6C5AA3214B49D20051B47D /* PBXContainerItemProxy */;
		};
		CE6C5AAF214B49D20051B47D /* PBXTargetDependency */ = {
			isa = PBXTargetDependency;
			target = CE6C5A89214B49D00051B47D /* BeautyPictures */;
			targetProxy = CE6C5AAE214B49D20051B47D /* PBXContainerItemProxy */;
		};
/* End PBXTargetDependency section */

/* Begin PBXVariantGroup section */
		CE6C5A93214B49D00051B47D /* Main.storyboard */ = {
			isa = PBXVariantGroup;
			children = (
				CE6C5A94214B49D00051B47D /* Base */,
			);
			name = Main.storyboard;
			sourceTree = "<group>";
		};
		CE6C5A98214B49D10051B47D /* LaunchScreen.storyboard */ = {
			isa = PBXVariantGroup;
			children = (
				CE6C5A99214B49D10051B47D /* Base */,
			);
			name = LaunchScreen.storyboard;
			sourceTree = "<group>";
		};
/* End PBXVariantGroup section */

/* Begin XCBuildConfiguration section */
		CE6C5AB4214B49D20051B47D /* Debug */ = {
			isa = XCBuildConfiguration;
			buildSettings = {
				ALWAYS_SEARCH_USER_PATHS = NO;
				CLANG_ANALYZER_NONNULL = YES;
				CLANG_ANALYZER_NUMBER_OBJECT_CONVERSION = YES_AGGRESSIVE;
				CLANG_CXX_LANGUAGE_STANDARD = "gnu++14";
				CLANG_CXX_LIBRARY = "libc++";
				CLANG_ENABLE_MODULES = YES;
				CLANG_ENABLE_OBJC_ARC = YES;
				CLANG_ENABLE_OBJC_WEAK = YES;
				CLANG_WARN_BLOCK_CAPTURE_AUTORELEASING = YES;
				CLANG_WARN_BOOL_CONVERSION = YES;
				CLANG_WARN_COMMA = YES;
				CLANG_WARN_CONSTANT_CONVERSION = YES;
				CLANG_WARN_DEPRECATED_OBJC_IMPLEMENTATIONS = YES;
				CLANG_WARN_DIRECT_OBJC_ISA_USAGE = YES_ERROR;
				CLANG_WARN_DOCUMENTATION_COMMENTS = YES;
				CLANG_WARN_EMPTY_BODY = YES;
				CLANG_WARN_ENUM_CONVERSION = YES;
				CLANG_WARN_INFINITE_RECURSION = YES;
				CLANG_WARN_INT_CONVERSION = YES;
				CLANG_WARN_NON_LITERAL_NULL_CONVERSION = YES;
				CLANG_WARN_OBJC_IMPLICIT_RETAIN_SELF = YES;
				CLANG_WARN_OBJC_LITERAL_CONVERSION = YES;
				CLANG_WARN_OBJC_ROOT_CLASS = YES_ERROR;
				CLANG_WARN_RANGE_LOOP_ANALYSIS = YES;
				CLANG_WARN_STRICT_PROTOTYPES = YES;
				CLANG_WARN_SUSPICIOUS_MOVE = YES;
				CLANG_WARN_UNGUARDED_AVAILABILITY = YES_AGGRESSIVE;
				CLANG_WARN_UNREACHABLE_CODE = YES;
				CLANG_WARN__DUPLICATE_METHOD_MATCH = YES;
				CODE_SIGN_IDENTITY = "iPhone Developer";
				COPY_PHASE_STRIP = NO;
				DEBUG_INFORMATION_FORMAT = dwarf;
				ENABLE_STRICT_OBJC_MSGSEND = YES;
				ENABLE_TESTABILITY = YES;
				GCC_C_LANGUAGE_STANDARD = gnu11;
				GCC_DYNAMIC_NO_PIC = NO;
				GCC_NO_COMMON_BLOCKS = YES;
				GCC_OPTIMIZATION_LEVEL = 0;
				GCC_PREPROCESSOR_DEFINITIONS = (
					"DEBUG=1",
					"$(inherited)",
				);
				GCC_WARN_64_TO_32_BIT_CONVERSION = YES;
				GCC_WARN_ABOUT_RETURN_TYPE = YES_ERROR;
				GCC_WARN_UNDECLARED_SELECTOR = YES;
				GCC_WARN_UNINITIALIZED_AUTOS = YES_AGGRESSIVE;
				GCC_WARN_UNUSED_FUNCTION = YES;
				GCC_WARN_UNUSED_VARIABLE = YES;
				IPHONEOS_DEPLOYMENT_TARGET = 11.4;
				MTL_ENABLE_DEBUG_INFO = YES;
				ONLY_ACTIVE_ARCH = YES;
				SDKROOT = iphoneos;
			};
			name = Debug;
		};
		CE6C5AB5214B49D20051B47D /* Release */ = {
			isa = XCBuildConfiguration;
			buildSettings = {
				ALWAYS_SEARCH_USER_PATHS = NO;
				CLANG_ANALYZER_NONNULL = YES;
				CLANG_ANALYZER_NUMBER_OBJECT_CONVERSION = YES_AGGRESSIVE;
				CLANG_CXX_LANGUAGE_STANDARD = "gnu++14";
				CLANG_CXX_LIBRARY = "libc++";
				CLANG_ENABLE_MODULES = YES;
				CLANG_ENABLE_OBJC_ARC = YES;
				CLANG_ENABLE_OBJC_WEAK = YES;
				CLANG_WARN_BLOCK_CAPTURE_AUTORELEASING = YES;
				CLANG_WARN_BOOL_CONVERSION = YES;
				CLANG_WARN_COMMA = YES;
				CLANG_WARN_CONSTANT_CONVERSION = YES;
				CLANG_WARN_DEPRECATED_OBJC_IMPLEMENTATIONS = YES;
				CLANG_WARN_DIRECT_OBJC_ISA_USAGE = YES_ERROR;
				CLANG_WARN_DOCUMENTATION_COMMENTS = YES;
				CLANG_WARN_EMPTY_BODY = YES;
				CLANG_WARN_ENUM_CONVERSION = YES;
				CLANG_WARN_INFINITE_RECURSION = YES;
				CLANG_WARN_INT_CONVERSION = YES;
				CLANG_WARN_NON_LITERAL_NULL_CONVERSION = YES;
				CLANG_WARN_OBJC_IMPLICIT_RETAIN_SELF = YES;
				CLANG_WARN_OBJC_LITERAL_CONVERSION = YES;
				CLANG_WARN_OBJC_ROOT_CLASS = YES_ERROR;
				CLANG_WARN_RANGE_LOOP_ANALYSIS = YES;
				CLANG_WARN_STRICT_PROTOTYPES = YES;
				CLANG_WARN_SUSPICIOUS_MOVE = YES;
				CLANG_WARN_UNGUARDED_AVAILABILITY = YES_AGGRESSIVE;
				CLANG_WARN_UNREACHABLE_CODE = YES;
				CLANG_WARN__DUPLICATE_METHOD_MATCH = YES;
				CODE_SIGN_IDENTITY = "iPhone Developer";
				COPY_PHASE_STRIP = NO;
				DEBUG_INFORMATION_FORMAT = "dwarf-with-dsym";
				ENABLE_NS_ASSERTIONS = NO;
				ENABLE_STRICT_OBJC_MSGSEND = YES;
				GCC_C_LANGUAGE_STANDARD = gnu11;
				GCC_NO_COMMON_BLOCKS = YES;
				GCC_WARN_64_TO_32_BIT_CONVERSION = YES;
				GCC_WARN_ABOUT_RETURN_TYPE = YES_ERROR;
				GCC_WARN_UNDECLARED_SELECTOR = YES;
				GCC_WARN_UNINITIALIZED_AUTOS = YES_AGGRESSIVE;
				GCC_WARN_UNUSED_FUNCTION = YES;
				GCC_WARN_UNUSED_VARIABLE = YES;
				IPHONEOS_DEPLOYMENT_TARGET = 11.4;
				MTL_ENABLE_DEBUG_INFO = NO;
				SDKROOT = iphoneos;
				VALIDATE_PRODUCT = YES;
			};
			name = Release;
		};
		CE6C5AB7214B49D20051B47D /* Debug */ = {
			isa = XCBuildConfiguration;
			buildSettings = {
				ASSETCATALOG_COMPILER_APPICON_NAME = AppIcon;
				CODE_SIGN_STYLE = Automatic;
				GCC_PRECOMPILE_PREFIX_HEADER = YES;
				GCC_PREFIX_HEADER = "$(SRCROOT)/BeautyPictures/Config/BeautyPictures.pch";
				INFOPLIST_FILE = BeautyPictures/Info.plist;
				IPHONEOS_DEPLOYMENT_TARGET = 10.1;
				LD_RUNPATH_SEARCH_PATHS = (
					"$(inherited)",
					"@executable_path/Frameworks",
				);
				PRODUCT_BUNDLE_IDENTIFIER = com.softgarden.com.BeautyPictures;
				PRODUCT_NAME = "$(TARGET_NAME)";
				TARGETED_DEVICE_FAMILY = "1,2";
			};
			name = Debug;
		};
		CE6C5AB8214B49D20051B47D /* Release */ = {
			isa = XCBuildConfiguration;
			buildSettings = {
				ASSETCATALOG_COMPILER_APPICON_NAME = AppIcon;
				CODE_SIGN_STYLE = Automatic;
				GCC_PRECOMPILE_PREFIX_HEADER = YES;
				GCC_PREFIX_HEADER = "$(SRCROOT)/BeautyPictures/Config/BeautyPictures.pch";
				INFOPLIST_FILE = BeautyPictures/Info.plist;
				IPHONEOS_DEPLOYMENT_TARGET = 10.1;
				LD_RUNPATH_SEARCH_PATHS = (
					"$(inherited)",
					"@executable_path/Frameworks",
				);
				PRODUCT_BUNDLE_IDENTIFIER = com.softgarden.com.BeautyPictures;
				PRODUCT_NAME = "$(TARGET_NAME)";
				TARGETED_DEVICE_FAMILY = "1,2";
			};
			name = Release;
		};
		CE6C5ABA214B49D20051B47D /* Debug */ = {
			isa = XCBuildConfiguration;
			buildSettings = {
				BUNDLE_LOADER = "$(TEST_HOST)";
				CODE_SIGN_STYLE = Automatic;
				INFOPLIST_FILE = BeautyPicturesTests/Info.plist;
				LD_RUNPATH_SEARCH_PATHS = (
					"$(inherited)",
					"@executable_path/Frameworks",
					"@loader_path/Frameworks",
				);
				PRODUCT_BUNDLE_IDENTIFIER = com.softgarden.com.BeautyPicturesTests;
				PRODUCT_NAME = "$(TARGET_NAME)";
				TARGETED_DEVICE_FAMILY = "1,2";
				TEST_HOST = "$(BUILT_PRODUCTS_DIR)/BeautyPictures.app/BeautyPictures";
			};
			name = Debug;
		};
		CE6C5ABB214B49D20051B47D /* Release */ = {
			isa = XCBuildConfiguration;
			buildSettings = {
				BUNDLE_LOADER = "$(TEST_HOST)";
				CODE_SIGN_STYLE = Automatic;
				INFOPLIST_FILE = BeautyPicturesTests/Info.plist;
				LD_RUNPATH_SEARCH_PATHS = (
					"$(inherited)",
					"@executable_path/Frameworks",
					"@loader_path/Frameworks",
				);
				PRODUCT_BUNDLE_IDENTIFIER = com.softgarden.com.BeautyPicturesTests;
				PRODUCT_NAME = "$(TARGET_NAME)";
				TARGETED_DEVICE_FAMILY = "1,2";
				TEST_HOST = "$(BUILT_PRODUCTS_DIR)/BeautyPictures.app/BeautyPictures";
			};
			name = Release;
		};
		CE6C5ABD214B49D20051B47D /* Debug */ = {
			isa = XCBuildConfiguration;
			buildSettings = {
				CODE_SIGN_STYLE = Automatic;
				INFOPLIST_FILE = BeautyPicturesUITests/Info.plist;
				LD_RUNPATH_SEARCH_PATHS = (
					"$(inherited)",
					"@executable_path/Frameworks",
					"@loader_path/Frameworks",
				);
				PRODUCT_BUNDLE_IDENTIFIER = com.softgarden.com.BeautyPicturesUITests;
				PRODUCT_NAME = "$(TARGET_NAME)";
				TARGETED_DEVICE_FAMILY = "1,2";
				TEST_TARGET_NAME = BeautyPictures;
			};
			name = Debug;
		};
		CE6C5ABE214B49D20051B47D /* Release */ = {
			isa = XCBuildConfiguration;
			buildSettings = {
				CODE_SIGN_STYLE = Automatic;
				INFOPLIST_FILE = BeautyPicturesUITests/Info.plist;
				LD_RUNPATH_SEARCH_PATHS = (
					"$(inherited)",
					"@executable_path/Frameworks",
					"@loader_path/Frameworks",
				);
				PRODUCT_BUNDLE_IDENTIFIER = com.softgarden.com.BeautyPicturesUITests;
				PRODUCT_NAME = "$(TARGET_NAME)";
				TARGETED_DEVICE_FAMILY = "1,2";
				TEST_TARGET_NAME = BeautyPictures;
			};
			name = Release;
		};
/* End XCBuildConfiguration section */

/* Begin XCConfigurationList section */
		CE6C5A85214B49D00051B47D /* Build configuration list for PBXProject "BeautyPictures" */ = {
			isa = XCConfigurationList;
			buildConfigurations = (
				CE6C5AB4214B49D20051B47D /* Debug */,
				CE6C5AB5214B49D20051B47D /* Release */,
			);
			defaultConfigurationIsVisible = 0;
			defaultConfigurationName = Release;
		};
		CE6C5AB6214B49D20051B47D /* Build configuration list for PBXNativeTarget "BeautyPictures" */ = {
			isa = XCConfigurationList;
			buildConfigurations = (
				CE6C5AB7214B49D20051B47D /* Debug */,
				CE6C5AB8214B49D20051B47D /* Release */,
			);
			defaultConfigurationIsVisible = 0;
			defaultConfigurationName = Release;
		};
		CE6C5AB9214B49D20051B47D /* Build configuration list for PBXNativeTarget "BeautyPicturesTests" */ = {
			isa = XCConfigurationList;
			buildConfigurations = (
				CE6C5ABA214B49D20051B47D /* Debug */,
				CE6C5ABB214B49D20051B47D /* Release */,
			);
			defaultConfigurationIsVisible = 0;
			defaultConfigurationName = Release;
		};
		CE6C5ABC214B49D20051B47D /* Build configuration list for PBXNativeTarget "BeautyPicturesUITests" */ = {
			isa = XCConfigurationList;
			buildConfigurations = (
				CE6C5ABD214B49D20051B47D /* Debug */,
				CE6C5ABE214B49D20051B47D /* Release */,
			);
			defaultConfigurationIsVisible = 0;
			defaultConfigurationName = Release;
		};
/* End XCConfigurationList section */
	};
	rootObject = CE6C5A82214B49D00051B47D /* Project object */;
}
